
Microsoft Visual Studio Solution File, Format Version 12.00
# Visual Studio 15
VisualStudioVersion = 15.0.27428.2043
MinimumVisualStudioVersion = 10.0.40219.1
Project("{FAE04EC0-301F-11D3-BF4B-00C04F79EFBC}") = "TopDownTilemapRender", "TopDownTilemapRender\TopDownTilemapRender.csproj", "{D95FB0C4-161B-4CEF-A4D2-02B05AEFB01F}"
EndProject
Global
	GlobalSection(SolutionConfigurationPlatforms) = preSolution
		Debug|Any CPU = Debug|Any CPU
		Release|Any CPU = Release|Any CPU
	EndGlobalSection
	GlobalSection(ProjectConfigurationPlatforms) = postSolution
		{D95FB0C4-161B-4CEF-A4D2-02B05AEFB01F}.Debug|Any CPU.ActiveCfg = Debug|Any CPU
		{D95FB0C4-161B-4CEF-A4D2-02B05AEFB01F}.Debug|Any CPU.Build.0 = Debug|Any CPU
		{D95FB0C4-161B-4CEF-A4D2-02B05AEFB01F}.Release|Any CPU.ActiveCfg = Release|Any CPU
		{D95FB0C4-161B-4CEF-A4D2-02B05AEFB01F}.Release|Any CPU.Build.0 = Release|Any CPU
	EndGlobalSection
	GlobalSection(SolutionProperties) = preSolution
		HideSolutionNode = FALSE
	EndGlobalSection
	GlobalSection(ExtensibilityGlobals) = postSolution
		SolutionGuid = {82F8D0D7-540F-498E-B97D-C465FF85CE1A}
	EndGlobalSection
EndGlobal
